// !$*UTF8*$!
{
	archiveVersion = 1;
	classes = {
	};
	objectVersion = 46;
	objects = {

/* Begin PBXBuildFile section */
		044565DF1D2ECC9C006BC6A8 /* AppDelegate.swift in Sources */ = {isa = PBXBuildFile; fileRef = 044565DE1D2ECC9C006BC6A8 /* AppDelegate.swift */; };
		044565E11D2ECC9C006BC6A8 /* ViewController.swift in Sources */ = {isa = PBXBuildFile; fileRef = 044565E01D2ECC9C006BC6A8 /* ViewController.swift */; };
		044565E41D2ECC9C006BC6A8 /* Main.storyboard in Resources */ = {isa = PBXBuildFile; fileRef = 044565E21D2ECC9C006BC6A8 /* Main.storyboard */; };
		044565E91D2ECC9C006BC6A8 /* LaunchScreen.storyboard in Resources */ = {isa = PBXBuildFile; fileRef = 044565E71D2ECC9C006BC6A8 /* LaunchScreen.storyboard */; };
		04B32B9A1D31A57300336B5B /* Assets.xcassets in Resources */ = {isa = PBXBuildFile; fileRef = 04B32B991D31A57300336B5B /* Assets.xcassets */; };
/* End PBXBuildFile section */

/* Begin PBXFileReference section */
		044565DB1D2ECC9C006BC6A8 /* TipPro.app */ = {isa = PBXFileReference; explicitFileType = wrapper.application; includeInIndex = 0; path = TipPro.app; sourceTree = BUILT_PRODUCTS_DIR; };
		044565DE1D2ECC9C006BC6A8 /* AppDelegate.swift */ = {isa = PBXFileReference; lastKnownFileType = sourcecode.swift; path = AppDelegate.swift; sourceTree = "<group>"; };
		044565E01D2ECC9C006BC6A8 /* ViewController.swift */ = {isa = PBXFileReference; lastKnownFileType = sourcecode.swift; path = ViewController.swift; sourceTree = "<group>"; };
		044565E31D2ECC9C006BC6A8 /* Base */ = {isa = PBXFileReference; lastKnownFileType = file.storyboard; name = Base; path = Base.lproj/Main.storyboard; sourceTree = "<group>"; };
		044565E81D2ECC9C006BC6A8 /* Base */ = {isa = PBXFileReference; lastKnownFileType = file.storyboard; name = Base; path = Base.lproj/LaunchScreen.storyboard; sourceTree = "<group>"; };
		044565EA1D2ECC9C006BC6A8 /* Info.plist */ = {isa = PBXFileReference; lastKnownFileType = text.plist.xml; path = Info.plist; sourceTree = "<group>"; };
		04B32B991D31A57300336B5B /* Assets.xcassets */ = {isa = PBXFileReference; lastKnownFileType = folder.assetcatalog; path = Assets.xcassets; sourceTree = "<group>"; };
/* End PBXFileReference section */

/* Begin PBXFrameworksBuildPhase section */
		044565D81D2ECC9C006BC6A8 /* Frameworks */ = {
			isa = PBXFrameworksBuildPhase;
			buildActionMask = 2147483647;
			files = (
			);
			runOnlyForDeploymentPostprocessing = 0;
		};
/* End PBXFrameworksBuildPhase section */

/* Begin PBXGroup section */
		044565D21D2ECC9C006BC6A8 = {
			isa = PBXGroup;
			children = (
				044565DD1D2ECC9C006BC6A8 /* TipPro */,
				044565DC1D2ECC9C006BC6A8 /* Products */,
			);
			sourceTree = "<group>";
		};
		044565DC1D2ECC9C006BC6A8 /* Products */ = {
			isa = PBXGroup;
			children = (
				044565DB1D2ECC9C006BC6A8 /* TipPro.app */,
			);
			name = Products;
			sourceTree = "<group>";
		};
		044565DD1D2ECC9C006BC6A8 /* TipPro */ = {
			isa = PBXGroup;
			children = (
				04B32B991D31A57300336B5B /* Assets.xcassets */,
				044565DE1D2ECC9C006BC6A8 /* AppDelegate.swift */,
				044565E01D2ECC9C006BC6A8 /* ViewController.swift */,
				044565E21D2ECC9C006BC6A8 /* Main.storyboard */,
				044565E71D2ECC9C006BC6A8 /* LaunchScreen.storyboard */,
				044565EA1D2ECC9C006BC6A8 /* Info.plist */,
			);
			path = TipPro;
			sourceTree = "<group>";
		};
/* End PBXGroup section */

/* Begin PBXNativeTarget section */
		044565DA1D2ECC9C006BC6A8 /* TipPro */ = {
			isa = PBXNativeTarget;
			buildConfigurationList = 044565ED1D2ECC9C006BC6A8 /* Build configuration list for PBXNativeTarget "TipPro" */;
			buildPhases = (
				044565D71D2ECC9C006BC6A8 /* Sources */,
				044565D81D2ECC9C006BC6A8 /* Frameworks */,
				044565D91D2ECC9C006BC6A8 /* Resources */,
			);
			buildRules = (
			);
			dependencies = (
			);
			name = TipPro;
			productName = TipPro;
			productReference = 044565DB1D2ECC9C006BC6A8 /* TipPro.app */;
			productType = "com.apple.product-type.application";
		};
/* End PBXNativeTarget section */

/* Begin PBXProject section */
		044565D31D2ECC9C006BC6A8 /* Project object */ = {
			isa = PBXProject;
			attributes = {
				LastSwiftUpdateCheck = 0730;
				LastUpgradeCheck = 0730;
				ORGANIZATIONNAME = papatee;
				TargetAttributes = {
					044565DA1D2ECC9C006BC6A8 = {
						CreatedOnToolsVersion = 7.3.1;
						DevelopmentTeam = D852VG2KW6;
					};
				};
			};
			buildConfigurationList = 044565D61D2ECC9C006BC6A8 /* Build configuration list for PBXProject "TipPro" */;
			compatibilityVersion = "Xcode 3.2";
			developmentRegion = English;
			hasScannedForEncodings = 0;
			knownRegions = (
				en,
				Base,
			);
			mainGroup = 044565D21D2ECC9C006BC6A8;
			productRefGroup = 044565DC1D2ECC9C006BC6A8 /* Products */;
			projectDirPath = "";
			projectRoot = "";
			targets = (
				044565DA1D2ECC9C006BC6A8 /* TipPro */,
			);
		};
/* End PBXProject section */

/* Begin PBXResourcesBuildPhase section */
		044565D91D2ECC9C006BC6A8 /* Resources */ = {
			isa = PBXResourcesBuildPhase;
			buildActionMask = 2147483647;
			files = (
				044565E91D2ECC9C006BC6A8 /* LaunchScreen.storyboard in Resources */,
				04B32B9A1D31A57300336B5B /* Assets.xcassets in Resources */,
				044565E41D2ECC9C006BC6A8 /* Main.storyboard in Resources */,
			);
			runOnlyForDeploymentPostprocessing = 0;
		};
/* End PBXResourcesBuildPhase section */

/* Begin PBXSourcesBuildPhase section */
		044565D71D2ECC9C006BC6A8 /* Sources */ = {
			isa = PBXSourcesBuildPhase;
			buildActionMask = 2147483647;
			files = (
				044565E11D2ECC9C006BC6A8 /* ViewController.swift in Sources */,
				044565DF1D2ECC9C006BC6A8 /* AppDelegate.swift in Sources */,
			);
			runOnlyForDeploymentPostprocessing = 0;
		};
/* End PBXSourcesBuildPhase section */

/* Begin PBXVariantGroup section */
		044565E21D2ECC9C006BC6A8 /* Main.storyboard */ = {
			isa = PBXVariantGroup;
			children = (
				044565E31D2ECC9C006BC6A8 /* Base */,
			);
			name = Main.storyboard;
			sourceTree = "<group>";
		};
		044565E71D2ECC9C006BC6A8 /* LaunchScreen.storyboard */ = {
			isa = PBXVariantGroup;
			children = (
				044565E81D2ECC9C006BC6A8 /* Base */,
			);
			name = LaunchScreen.storyboard;
			sourceTree = "<group>";
		};
/* End PBXVariantGroup section */

/* Begin XCBuildConfiguration section */
		044565EB1D2ECC9C006BC6A8 /* Debug */ = {
			isa = XCBuildConfiguration;
			buildSettings = {
				ALWAYS_SEARCH_USER_PATHS = NO;
				CLANG_ANALYZER_NONNULL = YES;
				CLANG_CXX_LANGUAGE_STANDARD = "gnu++0x";
				CLANG_CXX_LIBRARY = "libc++";
				CLANG_ENABLE_MODULES = YES;
				CLANG_ENABLE_OBJC_ARC = YES;
				CLANG_WARN_BOOL_CONVERSION = YES;
				CLANG_WARN_CONSTANT_CONVERSION = YES;
				CLANG_WARN_DIRECT_OBJC_ISA_USAGE = YES_ERROR;
				CLANG_WARN_EMPTY_BODY = YES;
				CLANG_WARN_ENUM_CONVERSION = YES;
				CLANG_WARN_INT_CONVERSION = YES;
				CLANG_WARN_OBJC_ROOT_CLASS = YES_ERROR;
				CLANG_WARN_UNREACHABLE_CODE = YES;
				CLANG_WARN__DUPLICATE_METHOD_MATCH = YES;
				"CODE_SIGN_IDENTITY[sdk=iphoneos*]" = "iPhone Developer";
				COPY_PHASE_STRIP = NO;
				DEBUG_INFORMATION_FORMAT = dwarf;
				ENABLE_STRICT_OBJC_MSGSEND = YES;
				ENABLE_TESTABILITY = YES;
				GCC_C_LANGUAGE_STANDARD = gnu99;
				GCC_DYNAMIC_NO_PIC = NO;
				GCC_NO_COMMON_BLOCKS = YES;
				GCC_OPTIMIZATION_LEVEL = 0;
				GCC_PREPROCESSOR_DEFINITIONS = (
					"DEBUG=1",
					"$(inherited)",
				);
				GCC_WARN_64_TO_32_BIT_CONVERSION = YES;
				GCC_WARN_ABOUT_RETURN_TYPE = YES_ERROR;
				GCC_WARN_UNDECLARED_SELECTOR = YES;
				GCC_WARN_UNINITIALIZED_AUTOS = YES_AGGRESSIVE;
				GCC_WARN_UNUSED_FUNCTION = YES;
				GCC_WARN_UNUSED_VARIABLE = YES;
				IPHONEOS_DEPLOYMENT_TARGET = 9.3;
				MTL_ENABLE_DEBUG_INFO = YES;
				ONLY_ACTIVE_ARCH = YES;
				SDKROOT = iphoneos;
				SWIFT_OPTIMIZATION_LEVEL = "-Onone";
			};
			name = Debug;
		};
		044565EC1D2ECC9C006BC6A8 /* Release */ = {
			isa = XCBuildConfiguration;
			buildSettings = {
				ALWAYS_SEARCH_USER_PATHS = NO;
				CLANG_ANALYZER_NONNULL = YES;
				CLANG_CXX_LANGUAGE_STANDARD = "gnu++0x";
				CLANG_CXX_LIBRARY = "libc++";
				CLANG_ENABLE_MODULES = YES;
				CLANG_ENABLE_OBJC_ARC = YES;
				CLANG_WARN_BOOL_CONVERSION = YES;
				CLANG_WARN_CONSTANT_CONVERSION = YES;
				CLANG_WARN_DIRECT_OBJC_ISA_USAGE = YES_ERROR;
				CLANG_WARN_EMPTY_BODY = YES;
				CLANG_WARN_ENUM_CONVERSION = YES;
				CLANG_WARN_INT_CONVERSION = YES;
				CLANG_WARN_OBJC_ROOT_CLASS = YES_ERROR;
				CLANG_WARN_UNREACHABLE_CODE = YES;
				CLANG_WARN__DUPLICATE_METHOD_MATCH = YES;
				"CODE_SIGN_IDENTITY[sdk=iphoneos*]" = "iPhone Developer";
				COPY_PHASE_STRIP = NO;
				DEBUG_INFORMATION_FORMAT = "dwarf-with-dsym";
				ENABLE_NS_ASSERTIONS = NO;
				ENABLE_STRICT_OBJC_MSGSEND = YES;
				GCC_C_LANGUAGE_STANDARD = gnu99;
				GCC_NO_COMMON_BLOCKS = YES;
				GCC_WARN_64_TO_32_BIT_CONVERSION = YES;
				GCC_WARN_ABOUT_RETURN_TYPE = YES_ERROR;
				GCC_WARN_UNDECLARED_SELECTOR = YES;
				GCC_WARN_UNINITIALIZED_AUTOS = YES_AGGRESSIVE;
				GCC_WARN_UNUSED_FUNCTION = YES;
				GCC_WARN_UNUSED_VARIABLE = YES;
				IPHONEOS_DEPLOYMENT_TARGET = 9.3;
				MTL_ENABLE_DEBUG_INFO = NO;
				SDKROOT = iphoneos;
				VALIDATE_PRODUCT = YES;
			};
			name = Release;
		};
		044565EE1D2ECC9C006BC6A8 /* Debug */ = {
			isa = XCBuildConfiguration;
			buildSettings = {
				ASSETCATALOG_COMPILER_APPICON_NAME = AppIcon;
				INFOPLIST_FILE = TipPro/Info.plist;
				LD_RUNPATH_SEARCH_PATHS = "$(inherited) @executable_path/Frameworks";
				PRODUCT_BUNDLE_IDENTIFIER = com.makeschool.TipCal;
				PRODUCT_NAME = "$(TARGET_NAME)";
			};
			name = Debug;
		};
		044565EF1D2ECC9C006BC6A8 /* Release */ = {
			isa = XCBuildConfiguration;
			buildSettings = {
				ASSETCATALOG_COMPILER_APPICON_NAME = AppIcon;
				INFOPLIST_FILE = TipPro/Info.plist;
				LD_RUNPATH_SEARCH_PATHS = "$(inherited) @executable_path/Frameworks";
				PRODUCT_BUNDLE_IDENTIFIER = com.makeschool.TipCal;
				PRODUCT_NAME = "$(TARGET_NAME)";
			};
			name = Release;
		};
/* End XCBuildConfiguration section */

/* Begin XCConfigurationList section */
		044565D61D2ECC9C006BC6A8 /* Build configuration list for PBXProject "TipPro" */ = {
			isa = XCConfigurationList;
			buildConfigurations = (
				044565EB1D2ECC9C006BC6A8 /* Debug */,
				044565EC1D2ECC9C006BC6A8 /* Release */,
			);
			defaultConfigurationIsVisible = 0;
			defaultConfigurationName = Release;
		};
		044565ED1D2ECC9C006BC6A8 /* Build configuration list for PBXNativeTarget "TipPro" */ = {
			isa = XCConfigurationList;
			buildConfigurations = (
				044565EE1D2ECC9C006BC6A8 /* Debug */,
				044565EF1D2ECC9C006BC6A8 /* Release */,
			);
			defaultConfigurationIsVisible = 0;
			defaultConfigurationName = Release;
		};
/* End XCConfigurationList section */
	};
	rootObject = 044565D31D2ECC9C006BC6A8 /* Project object */;
}
